
Microsoft Visual Studio Solution File, Format Version 12.00
# Visual Studio Version 16
VisualStudioVersion = 16.0.32407.337
MinimumVisualStudioVersion = 10.0.40219.1
Project("{FAE04EC0-301F-11D3-BF4B-00C04F79EFBC}") = "Task22", "Task22\Task22.csproj", "{C0E2512D-8212-4354-999F-795D82C900B7}"
EndProject
Global
	GlobalSection(SolutionConfigurationPlatforms) = preSolution
		Debug|Any CPU = Debug|Any CPU
		Release|Any CPU = Release|Any CPU
	EndGlobalSection
	GlobalSection(ProjectConfigurationPlatforms) = postSolution
		{C0E2512D-8212-4354-999F-795D82C900B7}.Debug|Any CPU.ActiveCfg = Debug|Any CPU
		{C0E2512D-8212-4354-999F-795D82C900B7}.Debug|Any CPU.Build.0 = Debug|Any CPU
		{C0E2512D-8212-4354-999F-795D82C900B7}.Release|Any CPU.ActiveCfg = Release|Any CPU
		{C0E2512D-8212-4354-999F-795D82C900B7}.Release|Any CPU.Build.0 = Release|Any CPU
	EndGlobalSection
	GlobalSection(SolutionProperties) = preSolution
		HideSolutionNode = FALSE
	EndGlobalSection
	GlobalSection(ExtensibilityGlobals) = postSolution
		SolutionGuid = {8022D6D9-A88B-4F44-9A3C-3FA2C82885CA}
	EndGlobalSection
EndGlobal
