
Microsoft Visual Studio Solution File, Format Version 12.00
# Visual Studio Version 16
VisualStudioVersion = 16.0.32407.337
MinimumVisualStudioVersion = 10.0.40219.1
Project("{FAE04EC0-301F-11D3-BF4B-00C04F79EFBC}") = "Task10", "Task10\Task10.csproj", "{0E0B073B-F3A2-4ECD-80D6-D3E416F77637}"
EndProject
Global
	GlobalSection(SolutionConfigurationPlatforms) = preSolution
		Debug|Any CPU = Debug|Any CPU
		Release|Any CPU = Release|Any CPU
	EndGlobalSection
	GlobalSection(ProjectConfigurationPlatforms) = postSolution
		{0E0B073B-F3A2-4ECD-80D6-D3E416F77637}.Debug|Any CPU.ActiveCfg = Debug|Any CPU
		{0E0B073B-F3A2-4ECD-80D6-D3E416F77637}.Debug|Any CPU.Build.0 = Debug|Any CPU
		{0E0B073B-F3A2-4ECD-80D6-D3E416F77637}.Release|Any CPU.ActiveCfg = Release|Any CPU
		{0E0B073B-F3A2-4ECD-80D6-D3E416F77637}.Release|Any CPU.Build.0 = Release|Any CPU
	EndGlobalSection
	GlobalSection(SolutionProperties) = preSolution
		HideSolutionNode = FALSE
	EndGlobalSection
	GlobalSection(ExtensibilityGlobals) = postSolution
		SolutionGuid = {223459A4-8350-4E23-8C87-85AC5BB1F25E}
	EndGlobalSection
EndGlobal
