
Microsoft Visual Studio Solution File, Format Version 12.00
# Visual Studio Version 16
VisualStudioVersion = 16.0.32407.337
MinimumVisualStudioVersion = 10.0.40219.1
Project("{FAE04EC0-301F-11D3-BF4B-00C04F79EFBC}") = "Task1", "Task1\Task1.csproj", "{B1012D05-4264-41D0-9F74-DEE20342F272}"
EndProject
Global
	GlobalSection(SolutionConfigurationPlatforms) = preSolution
		Debug|Any CPU = Debug|Any CPU
		Release|Any CPU = Release|Any CPU
	EndGlobalSection
	GlobalSection(ProjectConfigurationPlatforms) = postSolution
		{B1012D05-4264-41D0-9F74-DEE20342F272}.Debug|Any CPU.ActiveCfg = Debug|Any CPU
		{B1012D05-4264-41D0-9F74-DEE20342F272}.Debug|Any CPU.Build.0 = Debug|Any CPU
		{B1012D05-4264-41D0-9F74-DEE20342F272}.Release|Any CPU.ActiveCfg = Release|Any CPU
		{B1012D05-4264-41D0-9F74-DEE20342F272}.Release|Any CPU.Build.0 = Release|Any CPU
	EndGlobalSection
	GlobalSection(SolutionProperties) = preSolution
		HideSolutionNode = FALSE
	EndGlobalSection
	GlobalSection(ExtensibilityGlobals) = postSolution
		SolutionGuid = {A49E8B74-3379-4DD5-9AF0-DDF25EBA4CE3}
	EndGlobalSection
EndGlobal
