
Microsoft Visual Studio Solution File, Format Version 12.00
# Visual Studio Version 16
VisualStudioVersion = 16.0.32407.337
MinimumVisualStudioVersion = 10.0.40219.1
Project("{FAE04EC0-301F-11D3-BF4B-00C04F79EFBC}") = "Task7", "Task7\Task7.csproj", "{BE5940A6-03B9-410E-A966-82A628AA3BFE}"
EndProject
Global
	GlobalSection(SolutionConfigurationPlatforms) = preSolution
		Debug|Any CPU = Debug|Any CPU
		Release|Any CPU = Release|Any CPU
	EndGlobalSection
	GlobalSection(ProjectConfigurationPlatforms) = postSolution
		{BE5940A6-03B9-410E-A966-82A628AA3BFE}.Debug|Any CPU.ActiveCfg = Debug|Any CPU
		{BE5940A6-03B9-410E-A966-82A628AA3BFE}.Debug|Any CPU.Build.0 = Debug|Any CPU
		{BE5940A6-03B9-410E-A966-82A628AA3BFE}.Release|Any CPU.ActiveCfg = Release|Any CPU
		{BE5940A6-03B9-410E-A966-82A628AA3BFE}.Release|Any CPU.Build.0 = Release|Any CPU
	EndGlobalSection
	GlobalSection(SolutionProperties) = preSolution
		HideSolutionNode = FALSE
	EndGlobalSection
	GlobalSection(ExtensibilityGlobals) = postSolution
		SolutionGuid = {DCE66A01-16F3-4B8F-879B-EFB46F2C573C}
	EndGlobalSection
EndGlobal
