
Microsoft Visual Studio Solution File, Format Version 12.00
# Visual Studio Version 16
VisualStudioVersion = 16.0.32407.337
MinimumVisualStudioVersion = 10.0.40219.1
Project("{FAE04EC0-301F-11D3-BF4B-00C04F79EFBC}") = "Task17", "Task17\Task17.csproj", "{E194C58E-9467-49CB-B72B-27D505286278}"
EndProject
Global
	GlobalSection(SolutionConfigurationPlatforms) = preSolution
		Debug|Any CPU = Debug|Any CPU
		Release|Any CPU = Release|Any CPU
	EndGlobalSection
	GlobalSection(ProjectConfigurationPlatforms) = postSolution
		{E194C58E-9467-49CB-B72B-27D505286278}.Debug|Any CPU.ActiveCfg = Debug|Any CPU
		{E194C58E-9467-49CB-B72B-27D505286278}.Debug|Any CPU.Build.0 = Debug|Any CPU
		{E194C58E-9467-49CB-B72B-27D505286278}.Release|Any CPU.ActiveCfg = Release|Any CPU
		{E194C58E-9467-49CB-B72B-27D505286278}.Release|Any CPU.Build.0 = Release|Any CPU
	EndGlobalSection
	GlobalSection(SolutionProperties) = preSolution
		HideSolutionNode = FALSE
	EndGlobalSection
	GlobalSection(ExtensibilityGlobals) = postSolution
		SolutionGuid = {F314AFC2-BA29-4FE1-83BA-AC905213A326}
	EndGlobalSection
EndGlobal
